
Microsoft Visual Studio Solution File, Format Version 12.00
# Visual Studio Version 16
VisualStudioVersion = 16.0.29911.84
MinimumVisualStudioVersion = 10.0.40219.1
Project("{FAE04EC0-301F-11D3-BF4B-00C04F79EFBC}") = "DotneterWhj.WebApi", "DotneterWhj.WebApi\DotneterWhj.WebApi.csproj", "{22A15F1C-C06B-4D33-93A3-7398B9444F14}"
EndProject
Project("{FAE04EC0-301F-11D3-BF4B-00C04F79EFBC}") = "DotneterWhj.EntityModel", "DotneterWhj.EntityModel\DotneterWhj.EntityModel.csproj", "{EA465AA1-D0CD-418B-A3B7-58F3A38508CD}"
EndProject
Project("{FAE04EC0-301F-11D3-BF4B-00C04F79EFBC}") = "DotneterWhj.EntityFramework", "DotneterWhj.EntityFramework\DotneterWhj.EntityFramework.csproj", "{6FC323CC-6973-4877-9294-C3076232ABFC}"
EndProject
Project("{2150E333-8FDC-42A3-9474-1A3956D46DE8}") = "src", "src", "{36CC0177-A281-468C-BAA4-4D161C5C0D32}"
EndProject
Project("{FAE04EC0-301F-11D3-BF4B-00C04F79EFBC}") = "DotneterWhj.Caching", "DotneterWhj.Caching\DotneterWhj.Caching.csproj", "{8A68081F-EBE4-49B2-BE6B-14A4DCF25F4C}"
EndProject
Project("{FAE04EC0-301F-11D3-BF4B-00C04F79EFBC}") = "DotneterWhj.BackgroundJobs", "DotneterWhj.BackgroundJobs\DotneterWhj.BackgroundJobs.csproj", "{147D47E3-DFB1-4DB5-86E6-F2C755C934D6}"
EndProject
Project("{FAE04EC0-301F-11D3-BF4B-00C04F79EFBC}") = "DotneterWhj.ToolKits", "DotneterWhj.ToolKits\DotneterWhj.ToolKits.csproj", "{A4F207C6-4139-4B96-AD06-A6A444D11B6F}"
EndProject
Project("{2150E333-8FDC-42A3-9474-1A3956D46DE8}") = "Common", "Common", "{27E06513-2632-44CD-BADD-8E6A83F75C44}"
EndProject
Project("{2150E333-8FDC-42A3-9474-1A3956D46DE8}") = "DbAccess", "DbAccess", "{EF6D5689-AC55-488F-8300-27CFFF5FE231}"
EndProject
Project("{2150E333-8FDC-42A3-9474-1A3956D46DE8}") = "Bussiness", "Bussiness", "{44CB65ED-2423-40FB-A4C6-3BD45B0BB76B}"
EndProject
Project("{2150E333-8FDC-42A3-9474-1A3956D46DE8}") = "Models", "Models", "{04CC6B36-81E4-46BD-BBF4-9C80F5EB9034}"
EndProject
Project("{2150E333-8FDC-42A3-9474-1A3956D46DE8}") = "tests", "tests", "{5248E662-26F8-4422-9FF7-D3421D63492C}"
EndProject
Project("{FAE04EC0-301F-11D3-BF4B-00C04F79EFBC}") = "DotneterWhj.IServices", "DotneterWhj.IServices\DotneterWhj.IServices.csproj", "{31C81821-69D2-478E-BD5B-EBB85DC654D4}"
EndProject
Project("{FAE04EC0-301F-11D3-BF4B-00C04F79EFBC}") = "DotneterWhj.Services", "DotneterWhj.Services\DotneterWhj.Services.csproj", "{11A3CC97-2830-4636-B957-EB83FC56F8E4}"
EndProject
Project("{FAE04EC0-301F-11D3-BF4B-00C04F79EFBC}") = "DotneterWhj.Repository", "DotneterWhj.Repository\DotneterWhj.Repository.csproj", "{86CD6166-5C07-4ECB-8217-C04F62DC58C9}"
EndProject
Project("{FAE04EC0-301F-11D3-BF4B-00C04F79EFBC}") = "DotneterWhj.Extensions", "DotneterWhj.Extensions\DotneterWhj.Extensions.csproj", "{1BCDC7A0-A3E0-42DD-AAC8-DCFBE291DD69}"
EndProject
Project("{FAE04EC0-301F-11D3-BF4B-00C04F79EFBC}") = "DotneterWhj.DataTransferObject", "DotneterWhj.DataTransferObject\DotneterWhj.DataTransferObject.csproj", "{D54AEE79-406F-4C0F-B20D-623210CC93CB}"
EndProject
Project("{FAE04EC0-301F-11D3-BF4B-00C04F79EFBC}") = "DotneterWhj.AuthenticationCenter", "DotneterWhj.AuthenticationCenter\DotneterWhj.AuthenticationCenter.csproj", "{98AB1BE1-6016-4F5B-9D34-A8B95BD1AAD0}"
EndProject
Project("{2150E333-8FDC-42A3-9474-1A3956D46DE8}") = "Solution Items", "Solution Items", "{216D0D2A-15E3-4A5F-BF52-E3795D240BC3}"
	ProjectSection(SolutionItems) = preProject
		..\tests\Local.testsettings = ..\tests\Local.testsettings
	EndProjectSection
EndProject
Project("{2150E333-8FDC-42A3-9474-1A3956D46DE8}") = "solutionitems", "solutionitems", "{136BD6D0-4BD8-42DD-8640-4FF64095CBDC}"
	ProjectSection(SolutionItems) = preProject
		..\.gitignore = ..\.gitignore
		LICENSE = LICENSE
	EndProjectSection
EndProject
Project("{FAE04EC0-301F-11D3-BF4B-00C04F79EFBC}") = "DotneterWhj.WebAndLoadTestProject", "..\tests\DotneterWhj.WebAndLoadTestProject\DotneterWhj.WebAndLoadTestProject.csproj", "{0B59F0DA-433F-4C92-AE25-948ADB405D4E}"
EndProject
Project("{FAE04EC0-301F-11D3-BF4B-00C04F79EFBC}") = "DotneterWhj.WebApi.Tests", "..\tests\DotneterWhj.WebApi.Tests\DotneterWhj.WebApi.Tests.csproj", "{B605A19F-4247-4AEE-AA34-C9ACB938504A}"
EndProject
Global
	GlobalSection(SolutionConfigurationPlatforms) = preSolution
		Debug|Any CPU = Debug|Any CPU
		Release|Any CPU = Release|Any CPU
	EndGlobalSection
	GlobalSection(ProjectConfigurationPlatforms) = postSolution
		{22A15F1C-C06B-4D33-93A3-7398B9444F14}.Debug|Any CPU.ActiveCfg = Debug|Any CPU
		{22A15F1C-C06B-4D33-93A3-7398B9444F14}.Debug|Any CPU.Build.0 = Debug|Any CPU
		{22A15F1C-C06B-4D33-93A3-7398B9444F14}.Release|Any CPU.ActiveCfg = Release|Any CPU
		{22A15F1C-C06B-4D33-93A3-7398B9444F14}.Release|Any CPU.Build.0 = Release|Any CPU
		{EA465AA1-D0CD-418B-A3B7-58F3A38508CD}.Debug|Any CPU.ActiveCfg = Debug|Any CPU
		{EA465AA1-D0CD-418B-A3B7-58F3A38508CD}.Debug|Any CPU.Build.0 = Debug|Any CPU
		{EA465AA1-D0CD-418B-A3B7-58F3A38508CD}.Release|Any CPU.ActiveCfg = Release|Any CPU
		{EA465AA1-D0CD-418B-A3B7-58F3A38508CD}.Release|Any CPU.Build.0 = Release|Any CPU
		{6FC323CC-6973-4877-9294-C3076232ABFC}.Debug|Any CPU.ActiveCfg = Debug|Any CPU
		{6FC323CC-6973-4877-9294-C3076232ABFC}.Debug|Any CPU.Build.0 = Debug|Any CPU
		{6FC323CC-6973-4877-9294-C3076232ABFC}.Release|Any CPU.ActiveCfg = Release|Any CPU
		{6FC323CC-6973-4877-9294-C3076232ABFC}.Release|Any CPU.Build.0 = Release|Any CPU
		{8A68081F-EBE4-49B2-BE6B-14A4DCF25F4C}.Debug|Any CPU.ActiveCfg = Debug|Any CPU
		{8A68081F-EBE4-49B2-BE6B-14A4DCF25F4C}.Debug|Any CPU.Build.0 = Debug|Any CPU
		{8A68081F-EBE4-49B2-BE6B-14A4DCF25F4C}.Release|Any CPU.ActiveCfg = Release|Any CPU
		{8A68081F-EBE4-49B2-BE6B-14A4DCF25F4C}.Release|Any CPU.Build.0 = Release|Any CPU
		{147D47E3-DFB1-4DB5-86E6-F2C755C934D6}.Debug|Any CPU.ActiveCfg = Debug|Any CPU
		{147D47E3-DFB1-4DB5-86E6-F2C755C934D6}.Debug|Any CPU.Build.0 = Debug|Any CPU
		{147D47E3-DFB1-4DB5-86E6-F2C755C934D6}.Release|Any CPU.ActiveCfg = Release|Any CPU
		{147D47E3-DFB1-4DB5-86E6-F2C755C934D6}.Release|Any CPU.Build.0 = Release|Any CPU
		{A4F207C6-4139-4B96-AD06-A6A444D11B6F}.Debug|Any CPU.ActiveCfg = Debug|Any CPU
		{A4F207C6-4139-4B96-AD06-A6A444D11B6F}.Debug|Any CPU.Build.0 = Debug|Any CPU
		{A4F207C6-4139-4B96-AD06-A6A444D11B6F}.Release|Any CPU.ActiveCfg = Release|Any CPU
		{A4F207C6-4139-4B96-AD06-A6A444D11B6F}.Release|Any CPU.Build.0 = Release|Any CPU
		{31C81821-69D2-478E-BD5B-EBB85DC654D4}.Debug|Any CPU.ActiveCfg = Debug|Any CPU
		{31C81821-69D2-478E-BD5B-EBB85DC654D4}.Debug|Any CPU.Build.0 = Debug|Any CPU
		{31C81821-69D2-478E-BD5B-EBB85DC654D4}.Release|Any CPU.ActiveCfg = Release|Any CPU
		{31C81821-69D2-478E-BD5B-EBB85DC654D4}.Release|Any CPU.Build.0 = Release|Any CPU
		{11A3CC97-2830-4636-B957-EB83FC56F8E4}.Debug|Any CPU.ActiveCfg = Debug|Any CPU
		{11A3CC97-2830-4636-B957-EB83FC56F8E4}.Debug|Any CPU.Build.0 = Debug|Any CPU
		{11A3CC97-2830-4636-B957-EB83FC56F8E4}.Release|Any CPU.ActiveCfg = Release|Any CPU
		{11A3CC97-2830-4636-B957-EB83FC56F8E4}.Release|Any CPU.Build.0 = Release|Any CPU
		{86CD6166-5C07-4ECB-8217-C04F62DC58C9}.Debug|Any CPU.ActiveCfg = Debug|Any CPU
		{86CD6166-5C07-4ECB-8217-C04F62DC58C9}.Debug|Any CPU.Build.0 = Debug|Any CPU
		{86CD6166-5C07-4ECB-8217-C04F62DC58C9}.Release|Any CPU.ActiveCfg = Release|Any CPU
		{86CD6166-5C07-4ECB-8217-C04F62DC58C9}.Release|Any CPU.Build.0 = Release|Any CPU
		{1BCDC7A0-A3E0-42DD-AAC8-DCFBE291DD69}.Debug|Any CPU.ActiveCfg = Debug|Any CPU
		{1BCDC7A0-A3E0-42DD-AAC8-DCFBE291DD69}.Debug|Any CPU.Build.0 = Debug|Any CPU
		{1BCDC7A0-A3E0-42DD-AAC8-DCFBE291DD69}.Release|Any CPU.ActiveCfg = Release|Any CPU
		{1BCDC7A0-A3E0-42DD-AAC8-DCFBE291DD69}.Release|Any CPU.Build.0 = Release|Any CPU
		{D54AEE79-406F-4C0F-B20D-623210CC93CB}.Debug|Any CPU.ActiveCfg = Debug|Any CPU
		{D54AEE79-406F-4C0F-B20D-623210CC93CB}.Debug|Any CPU.Build.0 = Debug|Any CPU
		{D54AEE79-406F-4C0F-B20D-623210CC93CB}.Release|Any CPU.ActiveCfg = Release|Any CPU
		{D54AEE79-406F-4C0F-B20D-623210CC93CB}.Release|Any CPU.Build.0 = Release|Any CPU
		{98AB1BE1-6016-4F5B-9D34-A8B95BD1AAD0}.Debug|Any CPU.ActiveCfg = Debug|Any CPU
		{98AB1BE1-6016-4F5B-9D34-A8B95BD1AAD0}.Debug|Any CPU.Build.0 = Debug|Any CPU
		{98AB1BE1-6016-4F5B-9D34-A8B95BD1AAD0}.Release|Any CPU.ActiveCfg = Release|Any CPU
		{98AB1BE1-6016-4F5B-9D34-A8B95BD1AAD0}.Release|Any CPU.Build.0 = Release|Any CPU
		{0B59F0DA-433F-4C92-AE25-948ADB405D4E}.Debug|Any CPU.ActiveCfg = Debug|Any CPU
		{0B59F0DA-433F-4C92-AE25-948ADB405D4E}.Debug|Any CPU.Build.0 = Debug|Any CPU
		{0B59F0DA-433F-4C92-AE25-948ADB405D4E}.Release|Any CPU.ActiveCfg = Release|Any CPU
		{0B59F0DA-433F-4C92-AE25-948ADB405D4E}.Release|Any CPU.Build.0 = Release|Any CPU
		{B605A19F-4247-4AEE-AA34-C9ACB938504A}.Debug|Any CPU.ActiveCfg = Debug|Any CPU
		{B605A19F-4247-4AEE-AA34-C9ACB938504A}.Debug|Any CPU.Build.0 = Debug|Any CPU
		{B605A19F-4247-4AEE-AA34-C9ACB938504A}.Release|Any CPU.ActiveCfg = Release|Any CPU
		{B605A19F-4247-4AEE-AA34-C9ACB938504A}.Release|Any CPU.Build.0 = Release|Any CPU
	EndGlobalSection
	GlobalSection(SolutionProperties) = preSolution
		HideSolutionNode = FALSE
	EndGlobalSection
	GlobalSection(NestedProjects) = preSolution
		{22A15F1C-C06B-4D33-93A3-7398B9444F14} = {36CC0177-A281-468C-BAA4-4D161C5C0D32}
		{EA465AA1-D0CD-418B-A3B7-58F3A38508CD} = {04CC6B36-81E4-46BD-BBF4-9C80F5EB9034}
		{6FC323CC-6973-4877-9294-C3076232ABFC} = {EF6D5689-AC55-488F-8300-27CFFF5FE231}
		{8A68081F-EBE4-49B2-BE6B-14A4DCF25F4C} = {27E06513-2632-44CD-BADD-8E6A83F75C44}
		{147D47E3-DFB1-4DB5-86E6-F2C755C934D6} = {27E06513-2632-44CD-BADD-8E6A83F75C44}
		{A4F207C6-4139-4B96-AD06-A6A444D11B6F} = {27E06513-2632-44CD-BADD-8E6A83F75C44}
		{27E06513-2632-44CD-BADD-8E6A83F75C44} = {36CC0177-A281-468C-BAA4-4D161C5C0D32}
		{EF6D5689-AC55-488F-8300-27CFFF5FE231} = {36CC0177-A281-468C-BAA4-4D161C5C0D32}
		{44CB65ED-2423-40FB-A4C6-3BD45B0BB76B} = {36CC0177-A281-468C-BAA4-4D161C5C0D32}
		{04CC6B36-81E4-46BD-BBF4-9C80F5EB9034} = {36CC0177-A281-468C-BAA4-4D161C5C0D32}
		{31C81821-69D2-478E-BD5B-EBB85DC654D4} = {44CB65ED-2423-40FB-A4C6-3BD45B0BB76B}
		{11A3CC97-2830-4636-B957-EB83FC56F8E4} = {44CB65ED-2423-40FB-A4C6-3BD45B0BB76B}
		{86CD6166-5C07-4ECB-8217-C04F62DC58C9} = {EF6D5689-AC55-488F-8300-27CFFF5FE231}
		{1BCDC7A0-A3E0-42DD-AAC8-DCFBE291DD69} = {27E06513-2632-44CD-BADD-8E6A83F75C44}
		{D54AEE79-406F-4C0F-B20D-623210CC93CB} = {04CC6B36-81E4-46BD-BBF4-9C80F5EB9034}
		{98AB1BE1-6016-4F5B-9D34-A8B95BD1AAD0} = {36CC0177-A281-468C-BAA4-4D161C5C0D32}
		{216D0D2A-15E3-4A5F-BF52-E3795D240BC3} = {5248E662-26F8-4422-9FF7-D3421D63492C}
		{0B59F0DA-433F-4C92-AE25-948ADB405D4E} = {5248E662-26F8-4422-9FF7-D3421D63492C}
		{B605A19F-4247-4AEE-AA34-C9ACB938504A} = {5248E662-26F8-4422-9FF7-D3421D63492C}
	EndGlobalSection
	GlobalSection(ExtensibilityGlobals) = postSolution
		SolutionGuid = {F68D7125-8FA1-4554-8DBF-98D19544B446}
	EndGlobalSection
EndGlobal
